PODS:
  - ASIHTTPRequest (1.8.1):
    - ASIHTTPRequest/ASIWebPageRequest
    - ASIHTTPRequest/CloudFiles
    - ASIHTTPRequest/Core
    - ASIHTTPRequest/S3
  - ASIHTTPRequest/ASIWebPageRequest (1.8.1):
    - ASIHTTPRequest/Core
  - ASIHTTPRequest/CloudFiles (1.8.1):
    - ASIHTTPRequest/Core
  - ASIHTTPRequest/Core (1.8.1):
    - Reachability
  - ASIHTTPRequest/S3 (1.8.1):
    - ASIHTTPRequest/Core
  - CURestKit (1.0.3):
    - ASIHTTPRequest
  - Reachability (3.1.1)

DEPENDENCIES:
  - CURestKit

SPEC CHECKSUMS:
  ASIHTTPRequest: e801e115dc0c1892cea2b752d7f79052b05202d2
  CURestKit: 40a6092f41df3afff564d07201d9df81810a7d2f
  Reachability: be4883bb93f31e38266ae3365e5600a317aae735

COCOAPODS: 0.29.0
