PODS:
  - ASIHTTPRequest (1.8.1):
    - ASIHTTPRequest/ASIWebPageRequest
    - ASIHTTPRequest/CloudFiles
    - ASIHTTPRequest/S3
    - Reachability
  - ASIHTTPRequest/ASIWebPageRequest (1.8.1):
    - Reachability
  - ASIHTTPRequest/CloudFiles (1.8.1):
    - Reachability
  - ASIHTTPRequest/S3 (1.8.1):
    - Reachability
  - CURestKit (1.0.2):
    - ASIHTTPRequest
  - Reachability (3.1.1)

DEPENDENCIES:
  - CURestKit (~> 1.0.2)

SPEC CHECKSUMS:
  ASIHTTPRequest: a411b8d0f006ed8fc24248be6a0c4ad2abc9b101
  CURestKit: f80971344a05dae6b09ebfa2153fc50a39de90fe
  Reachability: 2be6bc2fd2bd31d97f5db33e75e4b29c79e95883

COCOAPODS: 0.24.0
