PODS:
  - ASIHTTPRequest (1.8.1):
    - ASIHTTPRequest/ASIWebPageRequest
    - ASIHTTPRequest/CloudFiles
    - ASIHTTPRequest/S3
    - Reachability
  - ASIHTTPRequest/ASIWebPageRequest (1.8.1):
    - Reachability
  - ASIHTTPRequest/CloudFiles (1.8.1):
    - Reachability
  - ASIHTTPRequest/S3 (1.8.1):
    - Reachability
  - CURestKit (1.0.2):
    - ASIHTTPRequest
  - Reachability (3.1.1)

DEPENDENCIES:
  - CURestKit (~> 1.0.2)

SPEC CHECKSUMS:
  ASIHTTPRequest: 0c9cb42c3c8dbe206493f89ce3f2834d550d3c00
  CURestKit: 743f29fe2fb0237e34435c460245e90ece43fcae
  Reachability: 2be6bc2fd2bd31d97f5db33e75e4b29c79e95883

COCOAPODS: 0.24.0
